// !$*UTF8*$!
{
	archiveVersion = 1;
	classes = {
	};
	objectVersion = 51;
	objects = {

/* Begin PBXBuildFile section */
		0233324C253610BF00F8468A /* ChatController.swift in Sources */ = {isa = PBXBuildFile; fileRef = 0233324B253610BF00F8468A /* ChatController.swift */; };
		02396F3625356024002FE30F /* RecipeBookController.swift in Sources */ = {isa = PBXBuildFile; fileRef = 02396F3425356024002FE30F /* RecipeBookController.swift */; };
		02396F3725356024002FE30F /* RecipeBookController.xib in Resources */ = {isa = PBXBuildFile; fileRef = 02396F3525356024002FE30F /* RecipeBookController.xib */; };
		023D219625659F5700203154 /* RecipeModel.swift in Sources */ = {isa = PBXBuildFile; fileRef = 023D219525659F5700203154 /* RecipeModel.swift */; };
		023D219B2565A15500203154 /* ClientAPI.swift in Sources */ = {isa = PBXBuildFile; fileRef = 023D219A2565A15500203154 /* ClientAPI.swift */; };
		024CCB4825352D81004676B7 /* ChatDetailController.xib in Resources */ = {isa = PBXBuildFile; fileRef = 024CCB4725352D81004676B7 /* ChatDetailController.xib */; };
		02518A5E2571B824000D57BB /* CollectionViewOptions.swift in Sources */ = {isa = PBXBuildFile; fileRef = 02518A5D2571B824000D57BB /* CollectionViewOptions.swift */; };
		025DCDF92572F8A000902EC8 /* FavoritesCell.swift in Sources */ = {isa = PBXBuildFile; fileRef = 025DCDF82572F8A000902EC8 /* FavoritesCell.swift */; };
		025DCDFC2572F8CD00902EC8 /* CookedCell.swift in Sources */ = {isa = PBXBuildFile; fileRef = 025DCDFB2572F8CD00902EC8 /* CookedCell.swift */; };
		025DCDFF2572F95F00902EC8 /* MyRecipeCell.swift in Sources */ = {isa = PBXBuildFile; fileRef = 025DCDFE2572F95F00902EC8 /* MyRecipeCell.swift */; };
		026D1506256AE42F002FB9B9 /* FloatingMenuOptions.swift in Sources */ = {isa = PBXBuildFile; fileRef = 026D1505256AE42F002FB9B9 /* FloatingMenuOptions.swift */; };
		02759EFA2562E0A600021997 /* ShadedView.swift in Sources */ = {isa = PBXBuildFile; fileRef = 02759EF92562E0A600021997 /* ShadedView.swift */; };
		0284D58C25709B36008B2734 /* TrendingCell.swift in Sources */ = {isa = PBXBuildFile; fileRef = 0284D58B25709B36008B2734 /* TrendingCell.swift */; };
		0284D59125709C73008B2734 /* RecipeCollectionView.swift in Sources */ = {isa = PBXBuildFile; fileRef = 0284D59025709C73008B2734 /* RecipeCollectionView.swift */; };
		0284D5942570A12D008B2734 /* RecentCell.swift in Sources */ = {isa = PBXBuildFile; fileRef = 0284D5932570A12D008B2734 /* RecentCell.swift */; };
		0284D5972570D883008B2734 /* SettingsCell.swift in Sources */ = {isa = PBXBuildFile; fileRef = 0284D5962570D883008B2734 /* SettingsCell.swift */; };
		0284D59A25718FE0008B2734 /* SettingsOptions.swift in Sources */ = {isa = PBXBuildFile; fileRef = 0284D59925718FE0008B2734 /* SettingsOptions.swift */; };
		02A1FCF0254DCC2D00A1153E /* EventCell.swift in Sources */ = {isa = PBXBuildFile; fileRef = 02A1FCEE254DCC2D00A1153E /* EventCell.swift */; };
		02A1FCF1254DCC2D00A1153E /* EventCell.xib in Resources */ = {isa = PBXBuildFile; fileRef = 02A1FCEF254DCC2D00A1153E /* EventCell.xib */; };
		02AC7BD7256B8195007D0E8E /* CustomNavigationController.swift in Sources */ = {isa = PBXBuildFile; fileRef = 02AC7BD6256B8195007D0E8E /* CustomNavigationController.swift */; };
		02AC7BDD256C7110007D0E8E /* RecipeFeedCell.swift in Sources */ = {isa = PBXBuildFile; fileRef = 02AC7BDC256C7110007D0E8E /* RecipeFeedCell.swift */; };
		02AC7BE0256C7736007D0E8E /* TestDataModel.swift in Sources */ = {isa = PBXBuildFile; fileRef = 02AC7BDF256C7736007D0E8E /* TestDataModel.swift */; };
		02C1A12A25699D3F005189E3 /* WhiteShadeView.swift in Sources */ = {isa = PBXBuildFile; fileRef = 02C1A12925699D3F005189E3 /* WhiteShadeView.swift */; };
		02C2BC182535664D00FB183F /* ProfileController.swift in Sources */ = {isa = PBXBuildFile; fileRef = 02C2BC162535664D00FB183F /* ProfileController.swift */; };
		02C2BC192535664D00FB183F /* ProfileController.xib in Resources */ = {isa = PBXBuildFile; fileRef = 02C2BC172535664D00FB183F /* ProfileController.xib */; };
		02C2BC1F253566B100FB183F /* CalendarController.swift in Sources */ = {isa = PBXBuildFile; fileRef = 02C2BC1D253566B100FB183F /* CalendarController.swift */; };
		02C2BC20253566B100FB183F /* CalendarController.xib in Resources */ = {isa = PBXBuildFile; fileRef = 02C2BC1E253566B100FB183F /* CalendarController.xib */; };
		02C34A4525379370009E59AC /* SettingsController.swift in Sources */ = {isa = PBXBuildFile; fileRef = 02C34A4325379370009E59AC /* SettingsController.swift */; };
		02C34A4625379370009E59AC /* SettingsController.xib in Resources */ = {isa = PBXBuildFile; fileRef = 02C34A4425379370009E59AC /* SettingsController.xib */; };
		02DB5697256CD4380080A02E /* SpeicalsCollectionView.swift in Sources */ = {isa = PBXBuildFile; fileRef = 02DB5696256CD4380080A02E /* SpeicalsCollectionView.swift */; };
		02DB569A256D3D560080A02E /* ScrollIndicatorView.swift in Sources */ = {isa = PBXBuildFile; fileRef = 02DB5699256D3D560080A02E /* ScrollIndicatorView.swift */; };
		02DB569D256DAE080080A02E /* IndicatorCell.swift in Sources */ = {isa = PBXBuildFile; fileRef = 02DB569C256DAE070080A02E /* IndicatorCell.swift */; };
		02DB56A0256DD4820080A02E /* ExpandingView.swift in Sources */ = {isa = PBXBuildFile; fileRef = 02DB569F256DD4810080A02E /* ExpandingView.swift */; };
		02E865D825684D2400312B24 /* UserCollectionCell.swift in Sources */ = {isa = PBXBuildFile; fileRef = 02E865D725684D2400312B24 /* UserCollectionCell.swift */; };
		02EDBB7D2535D9300064D581 /* ChatTableCell.swift in Sources */ = {isa = PBXBuildFile; fileRef = 02EDBB7B2535D9300064D581 /* ChatTableCell.swift */; };
		02EDBB7E2535D9300064D581 /* ChatTableCell.xib in Resources */ = {isa = PBXBuildFile; fileRef = 02EDBB7C2535D9300064D581 /* ChatTableCell.xib */; };
		02EDBB832535D95D0064D581 /* ChatDetailCell.swift in Sources */ = {isa = PBXBuildFile; fileRef = 02EDBB812535D95D0064D581 /* ChatDetailCell.swift */; };
		02EDBB842535D95D0064D581 /* ChatDetailCell.xib in Resources */ = {isa = PBXBuildFile; fileRef = 02EDBB822535D95D0064D581 /* ChatDetailCell.xib */; };
		02F73A0A25362D3000844C21 /* LeftChatCell.swift in Sources */ = {isa = PBXBuildFile; fileRef = 02F73A0925362D3000844C21 /* LeftChatCell.swift */; };
		02F73A0D25362D6200844C21 /* RightChatCell.swift in Sources */ = {isa = PBXBuildFile; fileRef = 02F73A0C25362D6200844C21 /* RightChatCell.swift */; };
		810839682449318A00FDE0AF /* LaunchScreen.storyboard in Resources */ = {isa = PBXBuildFile; fileRef = 8108393D2449318A00FDE0AF /* LaunchScreen.storyboard */; };
		810839692449318A00FDE0AF /* AppDelegate.swift in Sources */ = {isa = PBXBuildFile; fileRef = 8108393F2449318A00FDE0AF /* AppDelegate.swift */; };
		8108396A2449318A00FDE0AF /* SceneDelegate.swift in Sources */ = {isa = PBXBuildFile; fileRef = 810839402449318A00FDE0AF /* SceneDelegate.swift */; };
		8108396B2449318A00FDE0AF /* MenuBarCell.swift in Sources */ = {isa = PBXBuildFile; fileRef = 810839432449318A00FDE0AF /* MenuBarCell.swift */; };
		8108396C2449318A00FDE0AF /* MenuBarCell.xib in Resources */ = {isa = PBXBuildFile; fileRef = 810839442449318A00FDE0AF /* MenuBarCell.xib */; };
		8108396D2449318A00FDE0AF /* MenuBarView.swift in Sources */ = {isa = PBXBuildFile; fileRef = 810839462449318A00FDE0AF /* MenuBarView.swift */; };
		8108396E2449318A00FDE0AF /* FeedCell.swift in Sources */ = {isa = PBXBuildFile; fileRef = 810839482449318A00FDE0AF /* FeedCell.swift */; };
		8108396F2449318A00FDE0AF /* FeedCell.xib in Resources */ = {isa = PBXBuildFile; fileRef = 810839492449318A00FDE0AF /* FeedCell.xib */; };
		810839702449318A00FDE0AF /* UserDefaultsHelper.swift in Sources */ = {isa = PBXBuildFile; fileRef = 8108394B2449318A00FDE0AF /* UserDefaultsHelper.swift */; };
		810839712449318A00FDE0AF /* GraphicHelper.swift in Sources */ = {isa = PBXBuildFile; fileRef = 8108394C2449318A00FDE0AF /* GraphicHelper.swift */; };
		810839722449318A00FDE0AF /* Protocols.swift in Sources */ = {isa = PBXBuildFile; fileRef = 8108394D2449318A00FDE0AF /* Protocols.swift */; };
		810839732449318A00FDE0AF /* ResetViewController.xib in Resources */ = {isa = PBXBuildFile; fileRef = 810839502449318A00FDE0AF /* ResetViewController.xib */; };
		810839742449318A00FDE0AF /* ResetViewController.swift in Sources */ = {isa = PBXBuildFile; fileRef = 810839512449318A00FDE0AF /* ResetViewController.swift */; };
		810839762449318A00FDE0AF /* ChatDetailController.swift in Sources */ = {isa = PBXBuildFile; fileRef = 810839542449318A00FDE0AF /* ChatDetailController.swift */; };
		810839772449318A00FDE0AF /* RecipeController.xib in Resources */ = {isa = PBXBuildFile; fileRef = 810839562449318A00FDE0AF /* RecipeController.xib */; };
		810839782449318A00FDE0AF /* RecipeController.swift in Sources */ = {isa = PBXBuildFile; fileRef = 810839572449318A00FDE0AF /* RecipeController.swift */; };
		810839792449318A00FDE0AF /* SignupViewController.swift in Sources */ = {isa = PBXBuildFile; fileRef = 810839592449318A00FDE0AF /* SignupViewController.swift */; };
		8108397A2449318A00FDE0AF /* SignupViewController.xib in Resources */ = {isa = PBXBuildFile; fileRef = 8108395A2449318A00FDE0AF /* SignupViewController.xib */; };
		8108397B2449318A00FDE0AF /* LoginViewController.xib in Resources */ = {isa = PBXBuildFile; fileRef = 8108395C2449318A00FDE0AF /* LoginViewController.xib */; };
		8108397C2449318A00FDE0AF /* LoginViewController.swift in Sources */ = {isa = PBXBuildFile; fileRef = 8108395D2449318A00FDE0AF /* LoginViewController.swift */; };
		8108397D2449318A00FDE0AF /* MenuController.swift in Sources */ = {isa = PBXBuildFile; fileRef = 8108395F2449318A00FDE0AF /* MenuController.swift */; };
		8108397E2449318A00FDE0AF /* ContainerController.swift in Sources */ = {isa = PBXBuildFile; fileRef = 810839612449318A00FDE0AF /* ContainerController.swift */; };
		8108397F2449318A00FDE0AF /* MainNavigationController.swift in Sources */ = {isa = PBXBuildFile; fileRef = 810839622449318A00FDE0AF /* MainNavigationController.swift */; };
		810839802449318A00FDE0AF /* ViewExtensions.swift in Sources */ = {isa = PBXBuildFile; fileRef = 810839642449318A00FDE0AF /* ViewExtensions.swift */; };
		810839812449318A00FDE0AF /* CustomTextField.swift in Sources */ = {isa = PBXBuildFile; fileRef = 810839652449318A00FDE0AF /* CustomTextField.swift */; };
		81182A38245C53F000C8CFB8 /* HomeController.swift in Sources */ = {isa = PBXBuildFile; fileRef = 81182A36245C53F000C8CFB8 /* HomeController.swift */; };
		81182A39245C53F000C8CFB8 /* HomeController.xib in Resources */ = {isa = PBXBuildFile; fileRef = 81182A37245C53F000C8CFB8 /* HomeController.xib */; };
		81182A3E245C8EFC00C8CFB8 /* SpecialsCell.swift in Sources */ = {isa = PBXBuildFile; fileRef = 81182A3A245C8EFC00C8CFB8 /* SpecialsCell.swift */; };
		81182A3F245C8EFC00C8CFB8 /* RecipesCell.swift in Sources */ = {isa = PBXBuildFile; fileRef = 81182A3B245C8EFC00C8CFB8 /* RecipesCell.swift */; };
		81182A40245C8EFC00C8CFB8 /* SpecialsCell.xib in Resources */ = {isa = PBXBuildFile; fileRef = 81182A3C245C8EFC00C8CFB8 /* SpecialsCell.xib */; };
		81182A41245C8EFC00C8CFB8 /* RecipesCell.xib in Resources */ = {isa = PBXBuildFile; fileRef = 81182A3D245C8EFC00C8CFB8 /* RecipesCell.xib */; };
		81FC680A245B8F5700E5F7DD /* UserModel.swift in Sources */ = {isa = PBXBuildFile; fileRef = 81FC6809245B8F5700E5F7DD /* UserModel.swift */; };
		81FC680D245B959400E5F7DD /* UserGenApi.swift in Sources */ = {isa = PBXBuildFile; fileRef = 81FC680C245B959400E5F7DD /* UserGenApi.swift */; };
		81FC680F245B96B800E5F7DD /* NetworkHelper.swift in Sources */ = {isa = PBXBuildFile; fileRef = 81FC680E245B96B800E5F7DD /* NetworkHelper.swift */; };
		81FC6811245B96FD00E5F7DD /* ErrorHelper.swift in Sources */ = {isa = PBXBuildFile; fileRef = 81FC6810245B96FD00E5F7DD /* ErrorHelper.swift */; };
		81FC6813245B974100E5F7DD /* NSCacheHelper.swift in Sources */ = {isa = PBXBuildFile; fileRef = 81FC6812245B974100E5F7DD /* NSCacheHelper.swift */; };
		81FCAC99245E985E0013DE74 /* CustomFlowLayout.swift in Sources */ = {isa = PBXBuildFile; fileRef = 81FCAC98245E985E0013DE74 /* CustomFlowLayout.swift */; };
		81FCAC9B245EFFA60013DE74 /* SlideMenuOptions.swift in Sources */ = {isa = PBXBuildFile; fileRef = 81FCAC9A245EFFA60013DE74 /* SlideMenuOptions.swift */; };
		81FDE0EF24553E1900A16194 /* Assets.xcassets in Resources */ = {isa = PBXBuildFile; fileRef = 81FDE0EE24553E1900A16194 /* Assets.xcassets */; };
		81FDE0F12455EB3D00A16194 /* customColorsExtension.swift in Sources */ = {isa = PBXBuildFile; fileRef = 81FDE0F02455EB3D00A16194 /* customColorsExtension.swift */; };
		BB15D19A60314B39A25AF804 /* libPods-Delicace.a in Frameworks */ = {isa = PBXBuildFile; fileRef = 7DA08AB994BACB589673164B /* libPods-Delicace.a */; };
/* End PBXBuildFile section */

/* Begin PBXFileReference section */
		0233324B253610BF00F8468A /* ChatController.swift */ = {isa = PBXFileReference; lastKnownFileType = sourcecode.swift; path = ChatController.swift; sourceTree = "<group>"; };
		02396F3425356024002FE30F /* RecipeBookController.swift */ = {isa = PBXFileReference; lastKnownFileType = sourcecode.swift; path = RecipeBookController.swift; sourceTree = "<group>"; };
		02396F3525356024002FE30F /* RecipeBookController.xib */ = {isa = PBXFileReference; lastKnownFileType = file.xib; path = RecipeBookController.xib; sourceTree = "<group>"; };
		023D219525659F5700203154 /* RecipeModel.swift */ = {isa = PBXFileReference; lastKnownFileType = sourcecode.swift; path = RecipeModel.swift; sourceTree = "<group>"; };
		023D219A2565A15500203154 /* ClientAPI.swift */ = {isa = PBXFileReference; lastKnownFileType = sourcecode.swift; path = ClientAPI.swift; sourceTree = "<group>"; };
		024CCB4725352D81004676B7 /* ChatDetailController.xib */ = {isa = PBXFileReference; fileEncoding = 4; lastKnownFileType = file.xib; path = ChatDetailController.xib; sourceTree = "<group>"; };
		02518A5D2571B824000D57BB /* CollectionViewOptions.swift */ = {isa = PBXFileReference; fileEncoding = 4; lastKnownFileType = sourcecode.swift; path = CollectionViewOptions.swift; sourceTree = "<group>"; };
		025DCDF82572F8A000902EC8 /* FavoritesCell.swift */ = {isa = PBXFileReference; lastKnownFileType = sourcecode.swift; path = FavoritesCell.swift; sourceTree = "<group>"; };
		025DCDFB2572F8CD00902EC8 /* CookedCell.swift */ = {isa = PBXFileReference; lastKnownFileType = sourcecode.swift; path = CookedCell.swift; sourceTree = "<group>"; };
		025DCDFE2572F95F00902EC8 /* MyRecipeCell.swift */ = {isa = PBXFileReference; lastKnownFileType = sourcecode.swift; path = MyRecipeCell.swift; sourceTree = "<group>"; };
		026D1505256AE42F002FB9B9 /* FloatingMenuOptions.swift */ = {isa = PBXFileReference; lastKnownFileType = sourcecode.swift; path = FloatingMenuOptions.swift; sourceTree = "<group>"; };
		02759EF92562E0A600021997 /* ShadedView.swift */ = {isa = PBXFileReference; lastKnownFileType = sourcecode.swift; path = ShadedView.swift; sourceTree = "<group>"; };
		0284D58B25709B36008B2734 /* TrendingCell.swift */ = {isa = PBXFileReference; lastKnownFileType = sourcecode.swift; path = TrendingCell.swift; sourceTree = "<group>"; };
		0284D59025709C73008B2734 /* RecipeCollectionView.swift */ = {isa = PBXFileReference; lastKnownFileType = sourcecode.swift; path = RecipeCollectionView.swift; sourceTree = "<group>"; };
		0284D5932570A12D008B2734 /* RecentCell.swift */ = {isa = PBXFileReference; lastKnownFileType = sourcecode.swift; path = RecentCell.swift; sourceTree = "<group>"; };
		0284D5962570D883008B2734 /* SettingsCell.swift */ = {isa = PBXFileReference; lastKnownFileType = sourcecode.swift; path = SettingsCell.swift; sourceTree = "<group>"; };
		0284D59925718FE0008B2734 /* SettingsOptions.swift */ = {isa = PBXFileReference; lastKnownFileType = sourcecode.swift; path = SettingsOptions.swift; sourceTree = "<group>"; };
		02A1FCEE254DCC2D00A1153E /* EventCell.swift */ = {isa = PBXFileReference; lastKnownFileType = sourcecode.swift; path = EventCell.swift; sourceTree = "<group>"; };
		02A1FCEF254DCC2D00A1153E /* EventCell.xib */ = {isa = PBXFileReference; lastKnownFileType = file.xib; path = EventCell.xib; sourceTree = "<group>"; };
		02AC7BD6256B8195007D0E8E /* CustomNavigationController.swift */ = {isa = PBXFileReference; lastKnownFileType = sourcecode.swift; path = CustomNavigationController.swift; sourceTree = "<group>"; };
		02AC7BDC256C7110007D0E8E /* RecipeFeedCell.swift */ = {isa = PBXFileReference; lastKnownFileType = sourcecode.swift; path = RecipeFeedCell.swift; sourceTree = "<group>"; };
		02AC7BDF256C7736007D0E8E /* TestDataModel.swift */ = {isa = PBXFileReference; lastKnownFileType = sourcecode.swift; path = TestDataModel.swift; sourceTree = "<group>"; };
		02C1A12925699D3F005189E3 /* WhiteShadeView.swift */ = {isa = PBXFileReference; lastKnownFileType = sourcecode.swift; path = WhiteShadeView.swift; sourceTree = "<group>"; };
		02C2BC162535664D00FB183F /* ProfileController.swift */ = {isa = PBXFileReference; lastKnownFileType = sourcecode.swift; path = ProfileController.swift; sourceTree = "<group>"; };
		02C2BC172535664D00FB183F /* ProfileController.xib */ = {isa = PBXFileReference; lastKnownFileType = file.xib; path = ProfileController.xib; sourceTree = "<group>"; };
		02C2BC1D253566B100FB183F /* CalendarController.swift */ = {isa = PBXFileReference; lastKnownFileType = sourcecode.swift; path = CalendarController.swift; sourceTree = "<group>"; };
		02C2BC1E253566B100FB183F /* CalendarController.xib */ = {isa = PBXFileReference; lastKnownFileType = file.xib; path = CalendarController.xib; sourceTree = "<group>"; };
		02C34A4325379370009E59AC /* SettingsController.swift */ = {isa = PBXFileReference; lastKnownFileType = sourcecode.swift; path = SettingsController.swift; sourceTree = "<group>"; };
		02C34A4425379370009E59AC /* SettingsController.xib */ = {isa = PBXFileReference; lastKnownFileType = file.xib; path = SettingsController.xib; sourceTree = "<group>"; };
		02DB5696256CD4380080A02E /* SpeicalsCollectionView.swift */ = {isa = PBXFileReference; lastKnownFileType = sourcecode.swift; path = SpeicalsCollectionView.swift; sourceTree = "<group>"; };
		02DB5699256D3D560080A02E /* ScrollIndicatorView.swift */ = {isa = PBXFileReference; lastKnownFileType = sourcecode.swift; path = ScrollIndicatorView.swift; sourceTree = "<group>"; };
		02DB569C256DAE070080A02E /* IndicatorCell.swift */ = {isa = PBXFileReference; lastKnownFileType = sourcecode.swift; path = IndicatorCell.swift; sourceTree = "<group>"; };
		02DB569F256DD4810080A02E /* ExpandingView.swift */ = {isa = PBXFileReference; lastKnownFileType = sourcecode.swift; path = ExpandingView.swift; sourceTree = "<group>"; };
		02E865D725684D2400312B24 /* UserCollectionCell.swift */ = {isa = PBXFileReference; lastKnownFileType = sourcecode.swift; path = UserCollectionCell.swift; sourceTree = "<group>"; };
		02EDBB7B2535D9300064D581 /* ChatTableCell.swift */ = {isa = PBXFileReference; lastKnownFileType = sourcecode.swift; path = ChatTableCell.swift; sourceTree = "<group>"; };
		02EDBB7C2535D9300064D581 /* ChatTableCell.xib */ = {isa = PBXFileReference; lastKnownFileType = file.xib; path = ChatTableCell.xib; sourceTree = "<group>"; };
		02EDBB812535D95D0064D581 /* ChatDetailCell.swift */ = {isa = PBXFileReference; lastKnownFileType = sourcecode.swift; path = ChatDetailCell.swift; sourceTree = "<group>"; };
		02EDBB822535D95D0064D581 /* ChatDetailCell.xib */ = {isa = PBXFileReference; lastKnownFileType = file.xib; path = ChatDetailCell.xib; sourceTree = "<group>"; };
		02F73A0925362D3000844C21 /* LeftChatCell.swift */ = {isa = PBXFileReference; lastKnownFileType = sourcecode.swift; path = LeftChatCell.swift; sourceTree = "<group>"; };
		02F73A0C25362D6200844C21 /* RightChatCell.swift */ = {isa = PBXFileReference; lastKnownFileType = sourcecode.swift; path = RightChatCell.swift; sourceTree = "<group>"; };
		261F8095B6C6297BFA37331F /* Pods-Delicace.release.xcconfig */ = {isa = PBXFileReference; includeInIndex = 1; lastKnownFileType = text.xcconfig; name = "Pods-Delicace.release.xcconfig"; path = "Target Support Files/Pods-Delicace/Pods-Delicace.release.xcconfig"; sourceTree = "<group>"; };
		7DA08AB994BACB589673164B /* libPods-Delicace.a */ = {isa = PBXFileReference; explicitFileType = archive.ar; includeInIndex = 0; path = "libPods-Delicace.a"; sourceTree = BUILT_PRODUCTS_DIR; };
		8104C86C2449431500DC53F4 /* Info.plist */ = {isa = PBXFileReference; fileEncoding = 4; lastKnownFileType = text.plist.xml; path = Info.plist; sourceTree = "<group>"; };
		81083924244930F900FDE0AF /* Delicace.app */ = {isa = PBXFileReference; explicitFileType = wrapper.application; includeInIndex = 0; path = Delicace.app; sourceTree = BUILT_PRODUCTS_DIR; };
		8108393E2449318A00FDE0AF /* Base */ = {isa = PBXFileReference; lastKnownFileType = file.storyboard; name = Base; path = Base.lproj/LaunchScreen.storyboard; sourceTree = "<group>"; };
		8108393F2449318A00FDE0AF /* AppDelegate.swift */ = {isa = PBXFileReference; fileEncoding = 4; lastKnownFileType = sourcecode.swift; path = AppDelegate.swift; sourceTree = "<group>"; };
		810839402449318A00FDE0AF /* SceneDelegate.swift */ = {isa = PBXFileReference; fileEncoding = 4; lastKnownFileType = sourcecode.swift; path = SceneDelegate.swift; sourceTree = "<group>"; };
		810839432449318A00FDE0AF /* MenuBarCell.swift */ = {isa = PBXFileReference; fileEncoding = 4; lastKnownFileType = sourcecode.swift; path = MenuBarCell.swift; sourceTree = "<group>"; };
		810839442449318A00FDE0AF /* MenuBarCell.xib */ = {isa = PBXFileReference; fileEncoding = 4; lastKnownFileType = file.xib; path = MenuBarCell.xib; sourceTree = "<group>"; };
		810839462449318A00FDE0AF /* MenuBarView.swift */ = {isa = PBXFileReference; fileEncoding = 4; lastKnownFileType = sourcecode.swift; path = MenuBarView.swift; sourceTree = "<group>"; };
		810839482449318A00FDE0AF /* FeedCell.swift */ = {isa = PBXFileReference; fileEncoding = 4; lastKnownFileType = sourcecode.swift; path = FeedCell.swift; sourceTree = "<group>"; };
		810839492449318A00FDE0AF /* FeedCell.xib */ = {isa = PBXFileReference; fileEncoding = 4; lastKnownFileType = file.xib; path = FeedCell.xib; sourceTree = "<group>"; };
		8108394B2449318A00FDE0AF /* UserDefaultsHelper.swift */ = {isa = PBXFileReference; fileEncoding = 4; lastKnownFileType = sourcecode.swift; path = UserDefaultsHelper.swift; sourceTree = "<group>"; };
		8108394C2449318A00FDE0AF /* GraphicHelper.swift */ = {isa = PBXFileReference; fileEncoding = 4; lastKnownFileType = sourcecode.swift; path = GraphicHelper.swift; sourceTree = "<group>"; };
		8108394D2449318A00FDE0AF /* Protocols.swift */ = {isa = PBXFileReference; fileEncoding = 4; lastKnownFileType = sourcecode.swift; path = Protocols.swift; sourceTree = "<group>"; };
		810839502449318A00FDE0AF /* ResetViewController.xib */ = {isa = PBXFileReference; fileEncoding = 4; lastKnownFileType = file.xib; path = ResetViewController.xib; sourceTree = "<group>"; };
		810839512449318A00FDE0AF /* ResetViewController.swift */ = {isa = PBXFileReference; fileEncoding = 4; lastKnownFileType = sourcecode.swift; path = ResetViewController.swift; sourceTree = "<group>"; };
		810839542449318A00FDE0AF /* ChatDetailController.swift */ = {isa = PBXFileReference; fileEncoding = 4; lastKnownFileType = sourcecode.swift; path = ChatDetailController.swift; sourceTree = "<group>"; };
		810839562449318A00FDE0AF /* RecipeController.xib */ = {isa = PBXFileReference; fileEncoding = 4; lastKnownFileType = file.xib; path = RecipeController.xib; sourceTree = "<group>"; };
		810839572449318A00FDE0AF /* RecipeController.swift */ = {isa = PBXFileReference; fileEncoding = 4; lastKnownFileType = sourcecode.swift; path = RecipeController.swift; sourceTree = "<group>"; };
		810839592449318A00FDE0AF /* SignupViewController.swift */ = {isa = PBXFileReference; fileEncoding = 4; lastKnownFileType = sourcecode.swift; path = SignupViewController.swift; sourceTree = "<group>"; };
		8108395A2449318A00FDE0AF /* SignupViewController.xib */ = {isa = PBXFileReference; fileEncoding = 4; lastKnownFileType = file.xib; path = SignupViewController.xib; sourceTree = "<group>"; };
		8108395C2449318A00FDE0AF /* LoginViewController.xib */ = {isa = PBXFileReference; fileEncoding = 4; lastKnownFileType = file.xib; path = LoginViewController.xib; sourceTree = "<group>"; };
		8108395D2449318A00FDE0AF /* LoginViewController.swift */ = {isa = PBXFileReference; fileEncoding = 4; lastKnownFileType = sourcecode.swift; path = LoginViewController.swift; sourceTree = "<group>"; };
		8108395F2449318A00FDE0AF /* MenuController.swift */ = {isa = PBXFileReference; fileEncoding = 4; lastKnownFileType = sourcecode.swift; path = MenuController.swift; sourceTree = "<group>"; };
		810839612449318A00FDE0AF /* ContainerController.swift */ = {isa = PBXFileReference; fileEncoding = 4; lastKnownFileType = sourcecode.swift; path = ContainerController.swift; sourceTree = "<group>"; };
		810839622449318A00FDE0AF /* MainNavigationController.swift */ = {isa = PBXFileReference; fileEncoding = 4; lastKnownFileType = sourcecode.swift; path = MainNavigationController.swift; sourceTree = "<group>"; };
		810839642449318A00FDE0AF /* ViewExtensions.swift */ = {isa = PBXFileReference; fileEncoding = 4; lastKnownFileType = sourcecode.swift; path = ViewExtensions.swift; sourceTree = "<group>"; };
		810839652449318A00FDE0AF /* CustomTextField.swift */ = {isa = PBXFileReference; fileEncoding = 4; lastKnownFileType = sourcecode.swift; path = CustomTextField.swift; sourceTree = "<group>"; };
		81182A36245C53F000C8CFB8 /* HomeController.swift */ = {isa = PBXFileReference; fileEncoding = 4; lastKnownFileType = sourcecode.swift; path = HomeController.swift; sourceTree = "<group>"; };
		81182A37245C53F000C8CFB8 /* HomeController.xib */ = {isa = PBXFileReference; fileEncoding = 4; lastKnownFileType = file.xib; path = HomeController.xib; sourceTree = "<group>"; };
		81182A3A245C8EFC00C8CFB8 /* SpecialsCell.swift */ = {isa = PBXFileReference; fileEncoding = 4; lastKnownFileType = sourcecode.swift; path = SpecialsCell.swift; sourceTree = "<group>"; };
		81182A3B245C8EFC00C8CFB8 /* RecipesCell.swift */ = {isa = PBXFileReference; fileEncoding = 4; lastKnownFileType = sourcecode.swift; path = RecipesCell.swift; sourceTree = "<group>"; };
		81182A3C245C8EFC00C8CFB8 /* SpecialsCell.xib */ = {isa = PBXFileReference; fileEncoding = 4; lastKnownFileType = file.xib; path = SpecialsCell.xib; sourceTree = "<group>"; };
		81182A3D245C8EFC00C8CFB8 /* RecipesCell.xib */ = {isa = PBXFileReference; fileEncoding = 4; lastKnownFileType = file.xib; path = RecipesCell.xib; sourceTree = "<group>"; };
		81FC6809245B8F5700E5F7DD /* UserModel.swift */ = {isa = PBXFileReference; lastKnownFileType = sourcecode.swift; path = UserModel.swift; sourceTree = "<group>"; };
		81FC680C245B959400E5F7DD /* UserGenApi.swift */ = {isa = PBXFileReference; lastKnownFileType = sourcecode.swift; path = UserGenApi.swift; sourceTree = "<group>"; };
		81FC680E245B96B800E5F7DD /* NetworkHelper.swift */ = {isa = PBXFileReference; lastKnownFileType = sourcecode.swift; path = NetworkHelper.swift; sourceTree = "<group>"; };
		81FC6810245B96FD00E5F7DD /* ErrorHelper.swift */ = {isa = PBXFileReference; lastKnownFileType = sourcecode.swift; path = ErrorHelper.swift; sourceTree = "<group>"; };
		81FC6812245B974100E5F7DD /* NSCacheHelper.swift */ = {isa = PBXFileReference; lastKnownFileType = sourcecode.swift; path = NSCacheHelper.swift; sourceTree = "<group>"; };
		81FCAC98245E985E0013DE74 /* CustomFlowLayout.swift */ = {isa = PBXFileReference; lastKnownFileType = sourcecode.swift; path = CustomFlowLayout.swift; sourceTree = "<group>"; };
		81FCAC9A245EFFA60013DE74 /* SlideMenuOptions.swift */ = {isa = PBXFileReference; lastKnownFileType = sourcecode.swift; path = SlideMenuOptions.swift; sourceTree = "<group>"; };
		81FDE0EE24553E1900A16194 /* Assets.xcassets */ = {isa = PBXFileReference; lastKnownFileType = folder.assetcatalog; path = Assets.xcassets; sourceTree = "<group>"; };
		81FDE0F02455EB3D00A16194 /* customColorsExtension.swift */ = {isa = PBXFileReference; lastKnownFileType = sourcecode.swift; path = customColorsExtension.swift; sourceTree = "<group>"; };
		F7D7C80B23F356DFDE776106 /* Pods-Delicace.debug.xcconfig */ = {isa = PBXFileReference; includeInIndex = 1; lastKnownFileType = text.xcconfig; name = "Pods-Delicace.debug.xcconfig"; path = "Target Support Files/Pods-Delicace/Pods-Delicace.debug.xcconfig"; sourceTree = "<group>"; };
/* End PBXFileReference section */

/* Begin PBXFrameworksBuildPhase section */
		81083921244930F900FDE0AF /* Frameworks */ = {
			isa = PBXFrameworksBuildPhase;
			buildActionMask = 2147483647;
			files = (
				BB15D19A60314B39A25AF804 /* libPods-Delicace.a in Frameworks */,
			);
			runOnlyForDeploymentPostprocessing = 0;
		};
/* End PBXFrameworksBuildPhase section */

/* Begin PBXGroup section */
		02396F392535602F002FE30F /* Recipe Book VC */ = {
			isa = PBXGroup;
			children = (
				02396F3425356024002FE30F /* RecipeBookController.swift */,
				02396F3525356024002FE30F /* RecipeBookController.xib */,
			);
			path = "Recipe Book VC";
			sourceTree = "<group>";
		};
		02A1FCF3254DCC3700A1153E /* Event Cell */ = {
			isa = PBXGroup;
			children = (
				02E865D725684D2400312B24 /* UserCollectionCell.swift */,
				02A1FCEE254DCC2D00A1153E /* EventCell.swift */,
				02A1FCEF254DCC2D00A1153E /* EventCell.xib */,
			);
			path = "Event Cell";
			sourceTree = "<group>";
		};
		02C2BC1B2535665C00FB183F /* Profile VC */ = {
			isa = PBXGroup;
			children = (
				02C2BC162535664D00FB183F /* ProfileController.swift */,
				02C2BC172535664D00FB183F /* ProfileController.xib */,
			);
			path = "Profile VC";
			sourceTree = "<group>";
		};
		02C2BC23253566B600FB183F /* Calendar VC */ = {
			isa = PBXGroup;
			children = (
				02C2BC1D253566B100FB183F /* CalendarController.swift */,
				02C2BC1E253566B100FB183F /* CalendarController.xib */,
			);
			path = "Calendar VC";
			sourceTree = "<group>";
		};
		02C2BC25253566D300FB183F /* Auth VCs */ = {
			isa = PBXGroup;
			children = (
				810839582449318A00FDE0AF /* Signup VC */,
				8108394F2449318A00FDE0AF /* Reset VC */,
				8108395B2449318A00FDE0AF /* Login VC */,
			);
			path = "Auth VCs";
			sourceTree = "<group>";
		};
		02C34A482537937E009E59AC /* Settings VC */ = {
			isa = PBXGroup;
			children = (
				02C34A4325379370009E59AC /* SettingsController.swift */,
				02C34A4425379370009E59AC /* SettingsController.xib */,
			);
			path = "Settings VC";
			sourceTree = "<group>";
		};
		02EDBB802535D9390064D581 /* Chat Table Cell */ = {
			isa = PBXGroup;
			children = (
				02EDBB7B2535D9300064D581 /* ChatTableCell.swift */,
				02EDBB7C2535D9300064D581 /* ChatTableCell.xib */,
				02F73A0925362D3000844C21 /* LeftChatCell.swift */,
				02F73A0C25362D6200844C21 /* RightChatCell.swift */,
			);
			path = "Chat Table Cell";
			sourceTree = "<group>";
		};
		02EDBB872535D9670064D581 /* Chat Detail Cell */ = {
			isa = PBXGroup;
			children = (
				02EDBB812535D95D0064D581 /* ChatDetailCell.swift */,
				02EDBB822535D95D0064D581 /* ChatDetailCell.xib */,
			);
			path = "Chat Detail Cell";
			sourceTree = "<group>";
		};
		28041F4CAED6C11B5F2467AB /* Pods */ = {
			isa = PBXGroup;
			children = (
				F7D7C80B23F356DFDE776106 /* Pods-Delicace.debug.xcconfig */,
				261F8095B6C6297BFA37331F /* Pods-Delicace.release.xcconfig */,
			);
			path = Pods;
			sourceTree = "<group>";
		};
		8108391B244930F900FDE0AF = {
			isa = PBXGroup;
			children = (
				81083926244930F900FDE0AF /* Delicace */,
				81083925244930F900FDE0AF /* Products */,
				28041F4CAED6C11B5F2467AB /* Pods */,
				DA180C4C959F31B5297AFF44 /* Frameworks */,
			);
			sourceTree = "<group>";
		};
		81083925244930F900FDE0AF /* Products */ = {
			isa = PBXGroup;
			children = (
				81083924244930F900FDE0AF /* Delicace.app */,
			);
			name = Products;
			sourceTree = "<group>";
		};
		81083926244930F900FDE0AF /* Delicace */ = {
			isa = PBXGroup;
			children = (
				81FC680B245B8F6600E5F7DD /* Models */,
				81FC6814245B97EF00E5F7DD /* Client Api */,
				8108394E2449318A00FDE0AF /* Controllers */,
				810839452449318A00FDE0AF /* Views */,
				810839412449318A00FDE0AF /* Cells */,
				810839632449318A00FDE0AF /* extentions */,
				8108394A2449318A00FDE0AF /* Helpers */,
				8108393B2449318A00FDE0AF /* Supporting Files */,
			);
			path = Delicace;
			sourceTree = "<group>";
		};
		8108393B2449318A00FDE0AF /* Supporting Files */ = {
			isa = PBXGroup;
			children = (
				81FDE0EE24553E1900A16194 /* Assets.xcassets */,
				8104C86C2449431500DC53F4 /* Info.plist */,
				8108393D2449318A00FDE0AF /* LaunchScreen.storyboard */,
				8108393F2449318A00FDE0AF /* AppDelegate.swift */,
				810839402449318A00FDE0AF /* SceneDelegate.swift */,
			);
			path = "Supporting Files";
			sourceTree = "<group>";
		};
		810839412449318A00FDE0AF /* Cells */ = {
			isa = PBXGroup;
			children = (
				02AC7BDC256C7110007D0E8E /* RecipeFeedCell.swift */,
				0284D58B25709B36008B2734 /* TrendingCell.swift */,
				0284D5932570A12D008B2734 /* RecentCell.swift */,
				025DCDF82572F8A000902EC8 /* FavoritesCell.swift */,
				025DCDFB2572F8CD00902EC8 /* CookedCell.swift */,
				025DCDFE2572F95F00902EC8 /* MyRecipeCell.swift */,
				81182A42245C8F0D00C8CFB8 /* Specials Cell */,
				81182A43245C8F1C00C8CFB8 /* Recipes Grid Cell */,
				810839422449318A00FDE0AF /* Menu Bar Cell */,
				810839472449318A00FDE0AF /* Feed Cell */,
				02EDBB802535D9390064D581 /* Chat Table Cell */,
				02EDBB872535D9670064D581 /* Chat Detail Cell */,
				02A1FCF3254DCC3700A1153E /* Event Cell */,
				02DB569C256DAE070080A02E /* IndicatorCell.swift */,
				0284D5962570D883008B2734 /* SettingsCell.swift */,
			);
			path = Cells;
			sourceTree = "<group>";
		};
		810839422449318A00FDE0AF /* Menu Bar Cell */ = {
			isa = PBXGroup;
			children = (
				810839432449318A00FDE0AF /* MenuBarCell.swift */,
				810839442449318A00FDE0AF /* MenuBarCell.xib */,
			);
			path = "Menu Bar Cell";
			sourceTree = "<group>";
		};
		810839452449318A00FDE0AF /* Views */ = {
			isa = PBXGroup;
			children = (
				810839652449318A00FDE0AF /* CustomTextField.swift */,
				02DB5699256D3D560080A02E /* ScrollIndicatorView.swift */,
				02DB5696256CD4380080A02E /* SpeicalsCollectionView.swift */,
				0284D59025709C73008B2734 /* RecipeCollectionView.swift */,
				02759EF92562E0A600021997 /* ShadedView.swift */,
				02C1A12925699D3F005189E3 /* WhiteShadeView.swift */,
				810839462449318A00FDE0AF /* MenuBarView.swift */,
				02DB569F256DD4810080A02E /* ExpandingView.swift */,
			);
			path = Views;
			sourceTree = "<group>";
		};
		810839472449318A00FDE0AF /* Feed Cell */ = {
			isa = PBXGroup;
			children = (
				810839482449318A00FDE0AF /* FeedCell.swift */,
				810839492449318A00FDE0AF /* FeedCell.xib */,
			);
			path = "Feed Cell";
			sourceTree = "<group>";
		};
		8108394A2449318A00FDE0AF /* Helpers */ = {
			isa = PBXGroup;
			children = (
				81FC680E245B96B800E5F7DD /* NetworkHelper.swift */,
				81FC6812245B974100E5F7DD /* NSCacheHelper.swift */,
				81FC6810245B96FD00E5F7DD /* ErrorHelper.swift */,
				8108394B2449318A00FDE0AF /* UserDefaultsHelper.swift */,
				8108394C2449318A00FDE0AF /* GraphicHelper.swift */,
			);
			path = Helpers;
			sourceTree = "<group>";
		};
		8108394E2449318A00FDE0AF /* Controllers */ = {
			isa = PBXGroup;
			children = (
				810839602449318A00FDE0AF /* Container Controllers */,
				8108395E2449318A00FDE0AF /* Menu VC */,
				81C14519245C53760029B520 /* Home VC */,
				02396F392535602F002FE30F /* Recipe Book VC */,
				810839552449318A00FDE0AF /* RecipeDetail VC */,
				810839522449318A00FDE0AF /* Chat  VCs */,
				02C2BC1B2535665C00FB183F /* Profile VC */,
				02C2BC23253566B600FB183F /* Calendar VC */,
				02C2BC25253566D300FB183F /* Auth VCs */,
				02C34A482537937E009E59AC /* Settings VC */,
			);
			path = Controllers;
			sourceTree = "<group>";
		};
		8108394F2449318A00FDE0AF /* Reset VC */ = {
			isa = PBXGroup;
			children = (
				810839512449318A00FDE0AF /* ResetViewController.swift */,
				810839502449318A00FDE0AF /* ResetViewController.xib */,
			);
			path = "Reset VC";
			sourceTree = "<group>";
		};
		810839522449318A00FDE0AF /* Chat  VCs */ = {
			isa = PBXGroup;
			children = (
				0233324B253610BF00F8468A /* ChatController.swift */,
				810839542449318A00FDE0AF /* ChatDetailController.swift */,
				024CCB4725352D81004676B7 /* ChatDetailController.xib */,
			);
			path = "Chat  VCs";
			sourceTree = "<group>";
		};
		810839552449318A00FDE0AF /* RecipeDetail VC */ = {
			isa = PBXGroup;
			children = (
				810839562449318A00FDE0AF /* RecipeController.xib */,
				810839572449318A00FDE0AF /* RecipeController.swift */,
			);
			path = "RecipeDetail VC";
			sourceTree = "<group>";
		};
		810839582449318A00FDE0AF /* Signup VC */ = {
			isa = PBXGroup;
			children = (
				810839592449318A00FDE0AF /* SignupViewController.swift */,
				8108395A2449318A00FDE0AF /* SignupViewController.xib */,
			);
			path = "Signup VC";
			sourceTree = "<group>";
		};
		8108395B2449318A00FDE0AF /* Login VC */ = {
			isa = PBXGroup;
			children = (
				8108395D2449318A00FDE0AF /* LoginViewController.swift */,
				8108395C2449318A00FDE0AF /* LoginViewController.xib */,
			);
			path = "Login VC";
			sourceTree = "<group>";
		};
		8108395E2449318A00FDE0AF /* Menu VC */ = {
			isa = PBXGroup;
			children = (
				8108395F2449318A00FDE0AF /* MenuController.swift */,
			);
			path = "Menu VC";
			sourceTree = "<group>";
		};
		810839602449318A00FDE0AF /* Container Controllers */ = {
			isa = PBXGroup;
			children = (
				810839612449318A00FDE0AF /* ContainerController.swift */,
				810839622449318A00FDE0AF /* MainNavigationController.swift */,
				02AC7BD6256B8195007D0E8E /* CustomNavigationController.swift */,
			);
			path = "Container Controllers";
			sourceTree = "<group>";
		};
		810839632449318A00FDE0AF /* extentions */ = {
			isa = PBXGroup;
			children = (
				810839642449318A00FDE0AF /* ViewExtensions.swift */,
				81FCAC98245E985E0013DE74 /* CustomFlowLayout.swift */,
				81FDE0F02455EB3D00A16194 /* customColorsExtension.swift */,
			);
			path = extentions;
			sourceTree = "<group>";
		};
		81182A42245C8F0D00C8CFB8 /* Specials Cell */ = {
			isa = PBXGroup;
			children = (
				81182A3A245C8EFC00C8CFB8 /* SpecialsCell.swift */,
				81182A3C245C8EFC00C8CFB8 /* SpecialsCell.xib */,
			);
			path = "Specials Cell";
			sourceTree = "<group>";
		};
		81182A43245C8F1C00C8CFB8 /* Recipes Grid Cell */ = {
			isa = PBXGroup;
			children = (
				81182A3B245C8EFC00C8CFB8 /* RecipesCell.swift */,
				81182A3D245C8EFC00C8CFB8 /* RecipesCell.xib */,
			);
			path = "Recipes Grid Cell";
			sourceTree = "<group>";
		};
		81C14519245C53760029B520 /* Home VC */ = {
			isa = PBXGroup;
			children = (
				81182A36245C53F000C8CFB8 /* HomeController.swift */,
				81182A37245C53F000C8CFB8 /* HomeController.xib */,
			);
			path = "Home VC";
			sourceTree = "<group>";
		};
		81FC680B245B8F6600E5F7DD /* Models */ = {
			isa = PBXGroup;
			children = (
				8108394D2449318A00FDE0AF /* Protocols.swift */,
				81FC6809245B8F5700E5F7DD /* UserModel.swift */,
				81FCAC9A245EFFA60013DE74 /* SlideMenuOptions.swift */,
				026D1505256AE42F002FB9B9 /* FloatingMenuOptions.swift */,
				023D219525659F5700203154 /* RecipeModel.swift */,
				02AC7BDF256C7736007D0E8E /* TestDataModel.swift */,
				0284D59925718FE0008B2734 /* SettingsOptions.swift */,
				02518A5D2571B824000D57BB /* CollectionViewOptions.swift */,
			);
			path = Models;
			sourceTree = "<group>";
		};
		81FC6814245B97EF00E5F7DD /* Client Api */ = {
			isa = PBXGroup;
			children = (
				023D219A2565A15500203154 /* ClientAPI.swift */,
				81FC680C245B959400E5F7DD /* UserGenApi.swift */,
			);
			path = "Client Api";
			sourceTree = "<group>";
		};
		DA180C4C959F31B5297AFF44 /* Frameworks */ = {
			isa = PBXGroup;
			children = (
				7DA08AB994BACB589673164B /* libPods-Delicace.a */,
			);
			name = Frameworks;
			sourceTree = "<group>";
		};
/* End PBXGroup section */

/* Begin PBXNativeTarget section */
		81083923244930F900FDE0AF /* Delicace */ = {
			isa = PBXNativeTarget;
			buildConfigurationList = 81083938244930FB00FDE0AF /* Build configuration list for PBXNativeTarget "Delicace" */;
			buildPhases = (
				7E6E227F93772D5276207E38 /* [CP] Check Pods Manifest.lock */,
				81083920244930F900FDE0AF /* Sources */,
				81083921244930F900FDE0AF /* Frameworks */,
				81083922244930F900FDE0AF /* Resources */,
				C07B7C419B0BA1E5B3D0F12D /* [CP] Copy Pods Resources */,
			);
			buildRules = (
			);
			dependencies = (
			);
			name = Delicace;
			productName = Delicace;
			productReference = 81083924244930F900FDE0AF /* Delicace.app */;
			productType = "com.apple.product-type.application";
		};
/* End PBXNativeTarget section */

/* Begin PBXProject section */
		8108391C244930F900FDE0AF /* Project object */ = {
			isa = PBXProject;
			attributes = {
				LastSwiftUpdateCheck = 1140;
				LastUpgradeCheck = 1200;
				ORGANIZATIONNAME = FoodTech;
				TargetAttributes = {
					81083923244930F900FDE0AF = {
						CreatedOnToolsVersion = 11.4.1;
					};
				};
			};
			buildConfigurationList = 8108391F244930F900FDE0AF /* Build configuration list for PBXProject "Delicace" */;
			compatibilityVersion = "Xcode 9.3";
			developmentRegion = en;
			hasScannedForEncodings = 0;
			knownRegions = (
				en,
				Base,
			);
			mainGroup = 8108391B244930F900FDE0AF;
			productRefGroup = 81083925244930F900FDE0AF /* Products */;
			projectDirPath = "";
			projectRoot = "";
			targets = (
				81083923244930F900FDE0AF /* Delicace */,
			);
		};
/* End PBXProject section */

/* Begin PBXResourcesBuildPhase section */
		81083922244930F900FDE0AF /* Resources */ = {
			isa = PBXResourcesBuildPhase;
			buildActionMask = 2147483647;
			files = (
				810839772449318A00FDE0AF /* RecipeController.xib in Resources */,
				810839732449318A00FDE0AF /* ResetViewController.xib in Resources */,
				02396F3725356024002FE30F /* RecipeBookController.xib in Resources */,
				810839682449318A00FDE0AF /* LaunchScreen.storyboard in Resources */,
				8108396C2449318A00FDE0AF /* MenuBarCell.xib in Resources */,
				02C2BC192535664D00FB183F /* ProfileController.xib in Resources */,
				02EDBB842535D95D0064D581 /* ChatDetailCell.xib in Resources */,
				8108396F2449318A00FDE0AF /* FeedCell.xib in Resources */,
				8108397A2449318A00FDE0AF /* SignupViewController.xib in Resources */,
				81182A41245C8EFC00C8CFB8 /* RecipesCell.xib in Resources */,
				024CCB4825352D81004676B7 /* ChatDetailController.xib in Resources */,
				02EDBB7E2535D9300064D581 /* ChatTableCell.xib in Resources */,
				81FDE0EF24553E1900A16194 /* Assets.xcassets in Resources */,
				81182A40245C8EFC00C8CFB8 /* SpecialsCell.xib in Resources */,
				8108397B2449318A00FDE0AF /* LoginViewController.xib in Resources */,
				81182A39245C53F000C8CFB8 /* HomeController.xib in Resources */,
				02C34A4625379370009E59AC /* SettingsController.xib in Resources */,
				02A1FCF1254DCC2D00A1153E /* EventCell.xib in Resources */,
				02C2BC20253566B100FB183F /* CalendarController.xib in Resources */,
			);
			runOnlyForDeploymentPostprocessing = 0;
		};
/* End PBXResourcesBuildPhase section */

/* Begin PBXShellScriptBuildPhase section */
		7E6E227F93772D5276207E38 /* [CP] Check Pods Manifest.lock */ = {
			isa = PBXShellScriptBuildPhase;
			buildActionMask = 2147483647;
			files = (
			);
			inputFileListPaths = (
			);
			inputPaths = (
				"${PODS_PODFILE_DIR_PATH}/Podfile.lock",
				"${PODS_ROOT}/Manifest.lock",
			);
			name = "[CP] Check Pods Manifest.lock";
			outputFileListPaths = (
			);
			outputPaths = (
				"$(DERIVED_FILE_DIR)/Pods-Delicace-checkManifestLockResult.txt",
			);
			runOnlyForDeploymentPostprocessing = 0;
			shellPath = /bin/sh;
			shellScript = "diff \"${PODS_PODFILE_DIR_PATH}/Podfile.lock\" \"${PODS_ROOT}/Manifest.lock\" > /dev/null\nif [ $? != 0 ] ; then\n    # print error to STDERR\n    echo \"error: The sandbox is not in sync with the Podfile.lock. Run 'pod install' or update your CocoaPods installation.\" >&2\n    exit 1\nfi\n# This output is used by Xcode 'outputs' to avoid re-running this script phase.\necho \"SUCCESS\" > \"${SCRIPT_OUTPUT_FILE_0}\"\n";
			showEnvVarsInLog = 0;
		};
		C07B7C419B0BA1E5B3D0F12D /* [CP] Copy Pods Resources */ = {
			isa = PBXShellScriptBuildPhase;
			buildActionMask = 2147483647;
			files = (
			);
			inputFileListPaths = (
				"${PODS_ROOT}/Target Support Files/Pods-Delicace/Pods-Delicace-resources-${CONFIGURATION}-input-files.xcfilelist",
			);
			name = "[CP] Copy Pods Resources";
			outputFileListPaths = (
				"${PODS_ROOT}/Target Support Files/Pods-Delicace/Pods-Delicace-resources-${CONFIGURATION}-output-files.xcfilelist",
			);
			runOnlyForDeploymentPostprocessing = 0;
			shellPath = /bin/sh;
			shellScript = "\"${PODS_ROOT}/Target Support Files/Pods-Delicace/Pods-Delicace-resources.sh\"\n";
			showEnvVarsInLog = 0;
		};
/* End PBXShellScriptBuildPhase section */

/* Begin PBXSourcesBuildPhase section */
		81083920244930F900FDE0AF /* Sources */ = {
			isa = PBXSourcesBuildPhase;
			buildActionMask = 2147483647;
			files = (
				810839712449318A00FDE0AF /* GraphicHelper.swift in Sources */,
				81FC680A245B8F5700E5F7DD /* UserModel.swift in Sources */,
				810839742449318A00FDE0AF /* ResetViewController.swift in Sources */,
				0284D58C25709B36008B2734 /* TrendingCell.swift in Sources */,
				8108397F2449318A00FDE0AF /* MainNavigationController.swift in Sources */,
				810839782449318A00FDE0AF /* RecipeController.swift in Sources */,
				81FC680F245B96B800E5F7DD /* NetworkHelper.swift in Sources */,
				02C2BC182535664D00FB183F /* ProfileController.swift in Sources */,
				025DCDFF2572F95F00902EC8 /* MyRecipeCell.swift in Sources */,
				02A1FCF0254DCC2D00A1153E /* EventCell.swift in Sources */,
				81FCAC99245E985E0013DE74 /* CustomFlowLayout.swift in Sources */,
				0284D59125709C73008B2734 /* RecipeCollectionView.swift in Sources */,
				023D219B2565A15500203154 /* ClientAPI.swift in Sources */,
				810839702449318A00FDE0AF /* UserDefaultsHelper.swift in Sources */,
				810839692449318A00FDE0AF /* AppDelegate.swift in Sources */,
				0284D5972570D883008B2734 /* SettingsCell.swift in Sources */,
				8108396D2449318A00FDE0AF /* MenuBarView.swift in Sources */,
				02C2BC1F253566B100FB183F /* CalendarController.swift in Sources */,
				02F73A0A25362D3000844C21 /* LeftChatCell.swift in Sources */,
				810839792449318A00FDE0AF /* SignupViewController.swift in Sources */,
				810839812449318A00FDE0AF /* CustomTextField.swift in Sources */,
				0284D5942570A12D008B2734 /* RecentCell.swift in Sources */,
				02EDBB832535D95D0064D581 /* ChatDetailCell.swift in Sources */,
				81182A38245C53F000C8CFB8 /* HomeController.swift in Sources */,
				02DB569D256DAE080080A02E /* IndicatorCell.swift in Sources */,
				81182A3F245C8EFC00C8CFB8 /* RecipesCell.swift in Sources */,
				810839762449318A00FDE0AF /* ChatDetailController.swift in Sources */,
				02F73A0D25362D6200844C21 /* RightChatCell.swift in Sources */,
				81182A3E245C8EFC00C8CFB8 /* SpecialsCell.swift in Sources */,
				8108396E2449318A00FDE0AF /* FeedCell.swift in Sources */,
				023D219625659F5700203154 /* RecipeModel.swift in Sources */,
				02AC7BE0256C7736007D0E8E /* TestDataModel.swift in Sources */,
				02DB5697256CD4380080A02E /* SpeicalsCollectionView.swift in Sources */,
				02759EFA2562E0A600021997 /* ShadedView.swift in Sources */,
				02396F3625356024002FE30F /* RecipeBookController.swift in Sources */,
				81FC6813245B974100E5F7DD /* NSCacheHelper.swift in Sources */,
				02AC7BD7256B8195007D0E8E /* CustomNavigationController.swift in Sources */,
				02DB569A256D3D560080A02E /* ScrollIndicatorView.swift in Sources */,
				8108396A2449318A00FDE0AF /* SceneDelegate.swift in Sources */,
				0233324C253610BF00F8468A /* ChatController.swift in Sources */,
				81FDE0F12455EB3D00A16194 /* customColorsExtension.swift in Sources */,
				8108396B2449318A00FDE0AF /* MenuBarCell.swift in Sources */,
				02EDBB7D2535D9300064D581 /* ChatTableCell.swift in Sources */,
				810839802449318A00FDE0AF /* ViewExtensions.swift in Sources */,
				02518A5E2571B824000D57BB /* CollectionViewOptions.swift in Sources */,
				02DB56A0256DD4820080A02E /* ExpandingView.swift in Sources */,
				8108397E2449318A00FDE0AF /* ContainerController.swift in Sources */,
				025DCDF92572F8A000902EC8 /* FavoritesCell.swift in Sources */,
				8108397C2449318A00FDE0AF /* LoginViewController.swift in Sources */,
				025DCDFC2572F8CD00902EC8 /* CookedCell.swift in Sources */,
				02C1A12A25699D3F005189E3 /* WhiteShadeView.swift in Sources */,
				810839722449318A00FDE0AF /* Protocols.swift in Sources */,
				0284D59A25718FE0008B2734 /* SettingsOptions.swift in Sources */,
				02E865D825684D2400312B24 /* UserCollectionCell.swift in Sources */,
				02AC7BDD256C7110007D0E8E /* RecipeFeedCell.swift in Sources */,
				8108397D2449318A00FDE0AF /* MenuController.swift in Sources */,
				02C34A4525379370009E59AC /* SettingsController.swift in Sources */,
				81FC6811245B96FD00E5F7DD /* ErrorHelper.swift in Sources */,
				81FCAC9B245EFFA60013DE74 /* SlideMenuOptions.swift in Sources */,
				026D1506256AE42F002FB9B9 /* FloatingMenuOptions.swift in Sources */,
				81FC680D245B959400E5F7DD /* UserGenApi.swift in Sources */,
			);
			runOnlyForDeploymentPostprocessing = 0;
		};
/* End PBXSourcesBuildPhase section */

/* Begin PBXVariantGroup section */
		8108393D2449318A00FDE0AF /* LaunchScreen.storyboard */ = {
			isa = PBXVariantGroup;
			children = (
				8108393E2449318A00FDE0AF /* Base */,
			);
			name = LaunchScreen.storyboard;
			sourceTree = "<group>";
		};
/* End PBXVariantGroup section */

/* Begin XCBuildConfiguration section */
		81083936244930FB00FDE0AF /* Debug */ = {
			isa = XCBuildConfiguration;
			buildSettings = {
				ALWAYS_SEARCH_USER_PATHS = NO;
				CLANG_ANALYZER_NONNULL = YES;
				CLANG_ANALYZER_NUMBER_OBJECT_CONVERSION = YES_AGGRESSIVE;
				CLANG_CXX_LANGUAGE_STANDARD = "gnu++14";
				CLANG_CXX_LIBRARY = "libc++";
				CLANG_ENABLE_MODULES = YES;
				CLANG_ENABLE_OBJC_ARC = YES;
				CLANG_ENABLE_OBJC_WEAK = YES;
				CLANG_WARN_BLOCK_CAPTURE_AUTORELEASING = YES;
				CLANG_WARN_BOOL_CONVERSION = YES;
				CLANG_WARN_COMMA = YES;
				CLANG_WARN_CONSTANT_CONVERSION = YES;
				CLANG_WARN_DEPRECATED_OBJC_IMPLEMENTATIONS = YES;
				CLANG_WARN_DIRECT_OBJC_ISA_USAGE = YES_ERROR;
				CLANG_WARN_DOCUMENTATION_COMMENTS = YES;
				CLANG_WARN_EMPTY_BODY = YES;
				CLANG_WARN_ENUM_CONVERSION = YES;
				CLANG_WARN_INFINITE_RECURSION = YES;
				CLANG_WARN_INT_CONVERSION = YES;
				CLANG_WARN_NON_LITERAL_NULL_CONVERSION = YES;
				CLANG_WARN_OBJC_IMPLICIT_RETAIN_SELF = YES;
				CLANG_WARN_OBJC_LITERAL_CONVERSION = YES;
				CLANG_WARN_OBJC_ROOT_CLASS = YES_ERROR;
				CLANG_WARN_QUOTED_INCLUDE_IN_FRAMEWORK_HEADER = YES;
				CLANG_WARN_RANGE_LOOP_ANALYSIS = YES;
				CLANG_WARN_STRICT_PROTOTYPES = YES;
				CLANG_WARN_SUSPICIOUS_MOVE = YES;
				CLANG_WARN_UNGUARDED_AVAILABILITY = YES_AGGRESSIVE;
				CLANG_WARN_UNREACHABLE_CODE = YES;
				CLANG_WARN__DUPLICATE_METHOD_MATCH = YES;
				COPY_PHASE_STRIP = NO;
				DEBUG_INFORMATION_FORMAT = dwarf;
				ENABLE_STRICT_OBJC_MSGSEND = YES;
				ENABLE_TESTABILITY = YES;
				GCC_C_LANGUAGE_STANDARD = gnu11;
				GCC_DYNAMIC_NO_PIC = NO;
				GCC_NO_COMMON_BLOCKS = YES;
				GCC_OPTIMIZATION_LEVEL = 0;
				GCC_PREPROCESSOR_DEFINITIONS = (
					"DEBUG=1",
					"$(inherited)",
				);
				GCC_WARN_64_TO_32_BIT_CONVERSION = YES;
				GCC_WARN_ABOUT_RETURN_TYPE = YES_ERROR;
				GCC_WARN_UNDECLARED_SELECTOR = YES;
				GCC_WARN_UNINITIALIZED_AUTOS = YES_AGGRESSIVE;
				GCC_WARN_UNUSED_FUNCTION = YES;
				GCC_WARN_UNUSED_VARIABLE = YES;
				IPHONEOS_DEPLOYMENT_TARGET = 13.4;
				MTL_ENABLE_DEBUG_INFO = INCLUDE_SOURCE;
				MTL_FAST_MATH = YES;
				ONLY_ACTIVE_ARCH = YES;
				SDKROOT = iphoneos;
				SWIFT_ACTIVE_COMPILATION_CONDITIONS = DEBUG;
				SWIFT_OPTIMIZATION_LEVEL = "-Onone";
			};
			name = Debug;
		};
		81083937244930FB00FDE0AF /* Release */ = {
			isa = XCBuildConfiguration;
			buildSettings = {
				ALWAYS_SEARCH_USER_PATHS = NO;
				CLANG_ANALYZER_NONNULL = YES;
				CLANG_ANALYZER_NUMBER_OBJECT_CONVERSION = YES_AGGRESSIVE;
				CLANG_CXX_LANGUAGE_STANDARD = "gnu++14";
				CLANG_CXX_LIBRARY = "libc++";
				CLANG_ENABLE_MODULES = YES;
				CLANG_ENABLE_OBJC_ARC = YES;
				CLANG_ENABLE_OBJC_WEAK = YES;
				CLANG_WARN_BLOCK_CAPTURE_AUTORELEASING = YES;
				CLANG_WARN_BOOL_CONVERSION = YES;
				CLANG_WARN_COMMA = YES;
				CLANG_WARN_CONSTANT_CONVERSION = YES;
				CLANG_WARN_DEPRECATED_OBJC_IMPLEMENTATIONS = YES;
				CLANG_WARN_DIRECT_OBJC_ISA_USAGE = YES_ERROR;
				CLANG_WARN_DOCUMENTATION_COMMENTS = YES;
				CLANG_WARN_EMPTY_BODY = YES;
				CLANG_WARN_ENUM_CONVERSION = YES;
				CLANG_WARN_INFINITE_RECURSION = YES;
				CLANG_WARN_INT_CONVERSION = YES;
				CLANG_WARN_NON_LITERAL_NULL_CONVERSION = YES;
				CLANG_WARN_OBJC_IMPLICIT_RETAIN_SELF = YES;
				CLANG_WARN_OBJC_LITERAL_CONVERSION = YES;
				CLANG_WARN_OBJC_ROOT_CLASS = YES_ERROR;
				CLANG_WARN_QUOTED_INCLUDE_IN_FRAMEWORK_HEADER = YES;
				CLANG_WARN_RANGE_LOOP_ANALYSIS = YES;
				CLANG_WARN_STRICT_PROTOTYPES = YES;
				CLANG_WARN_SUSPICIOUS_MOVE = YES;
				CLANG_WARN_UNGUARDED_AVAILABILITY = YES_AGGRESSIVE;
				CLANG_WARN_UNREACHABLE_CODE = YES;
				CLANG_WARN__DUPLICATE_METHOD_MATCH = YES;
				COPY_PHASE_STRIP = NO;
				DEBUG_INFORMATION_FORMAT = "dwarf-with-dsym";
				ENABLE_NS_ASSERTIONS = NO;
				ENABLE_STRICT_OBJC_MSGSEND = YES;
				GCC_C_LANGUAGE_STANDARD = gnu11;
				GCC_NO_COMMON_BLOCKS = YES;
				GCC_WARN_64_TO_32_BIT_CONVERSION = YES;
				GCC_WARN_ABOUT_RETURN_TYPE = YES_ERROR;
				GCC_WARN_UNDECLARED_SELECTOR = YES;
				GCC_WARN_UNINITIALIZED_AUTOS = YES_AGGRESSIVE;
				GCC_WARN_UNUSED_FUNCTION = YES;
				GCC_WARN_UNUSED_VARIABLE = YES;
				IPHONEOS_DEPLOYMENT_TARGET = 13.4;
				MTL_ENABLE_DEBUG_INFO = NO;
				MTL_FAST_MATH = YES;
				SDKROOT = iphoneos;
				SWIFT_COMPILATION_MODE = wholemodule;
				SWIFT_OPTIMIZATION_LEVEL = "-O";
				VALIDATE_PRODUCT = YES;
			};
			name = Release;
		};
		81083939244930FB00FDE0AF /* Debug */ = {
			isa = XCBuildConfiguration;
			baseConfigurationReference = F7D7C80B23F356DFDE776106 /* Pods-Delicace.debug.xcconfig */;
			buildSettings = {
				ASSETCATALOG_COMPILER_APPICON_NAME = AppIcon;
				CODE_SIGN_STYLE = Automatic;
				DEVELOPMENT_TEAM = 7MFLU28S62;
				INFOPLIST_FILE = "$(SRCROOT)/Delicace/Supporting Files/Info.plist";
				IPHONEOS_DEPLOYMENT_TARGET = 12.0;
				LD_RUNPATH_SEARCH_PATHS = (
					"$(inherited)",
					"@executable_path/Frameworks",
				);
				PRODUCT_BUNDLE_IDENTIFIER = com.FoodTech.Delicace;
				PRODUCT_NAME = "$(TARGET_NAME)";
				SWIFT_VERSION = 5.0;
				TARGETED_DEVICE_FAMILY = 1;
			};
			name = Debug;
		};
		8108393A244930FB00FDE0AF /* Release */ = {
			isa = XCBuildConfiguration;
			baseConfigurationReference = 261F8095B6C6297BFA37331F /* Pods-Delicace.release.xcconfig */;
			buildSettings = {
				ASSETCATALOG_COMPILER_APPICON_NAME = AppIcon;
				CODE_SIGN_STYLE = Automatic;
				DEVELOPMENT_TEAM = 7MFLU28S62;
				INFOPLIST_FILE = "$(SRCROOT)/Delicace/Supporting Files/Info.plist";
				IPHONEOS_DEPLOYMENT_TARGET = 12.0;
				LD_RUNPATH_SEARCH_PATHS = (
					"$(inherited)",
					"@executable_path/Frameworks",
				);
				PRODUCT_BUNDLE_IDENTIFIER = com.FoodTech.Delicace;
				PRODUCT_NAME = "$(TARGET_NAME)";
				SWIFT_VERSION = 5.0;
				TARGETED_DEVICE_FAMILY = 1;
			};
			name = Release;
		};
/* End XCBuildConfiguration section */

/* Begin XCConfigurationList section */
		8108391F244930F900FDE0AF /* Build configuration list for PBXProject "Delicace" */ = {
			isa = XCConfigurationList;
			buildConfigurations = (
				81083936244930FB00FDE0AF /* Debug */,
				81083937244930FB00FDE0AF /* Release */,
			);
			defaultConfigurationIsVisible = 0;
			defaultConfigurationName = Release;
		};
		81083938244930FB00FDE0AF /* Build configuration list for PBXNativeTarget "Delicace" */ = {
			isa = XCConfigurationList;
			buildConfigurations = (
				81083939244930FB00FDE0AF /* Debug */,
				8108393A244930FB00FDE0AF /* Release */,
			);
			defaultConfigurationIsVisible = 0;
			defaultConfigurationName = Release;
		};
/* End XCConfigurationList section */
	};
	rootObject = 8108391C244930F900FDE0AF /* Project object */;
}
